{
  "name": "nodes",
  "version": "1.0.0",
  "lockfileVersion": 3,
  "requires": true,
  "packages": {
    "": {
      "name": "nodes",
      "version": "1.0.0",
      "license": "ISC",
      "dependencies": {
        "@bonfhir/n8n-nodes-bonfhir": "^1.4.2"
      }
    },
    "node_modules/@bonfhir/n8n-nodes-bonfhir": {
      "version": "1.4.2",
      "resolved": "https://registry.npmjs.org/@bonfhir/n8n-nodes-bonfhir/-/n8n-nodes-bonfhir-1.4.2.tgz",
      "integrity": "sha512-2/r7KDPs/YGfdQz/nuJOH99ZAcTjoItTDJFCYUdP97uI9fXemvnRejfnvA/an8p8xDa8fXJBIYL0LxO6SpzXfQ=="
    }
  }
}
